<Solution>
  <Folder Name="/.github/" />
  <Folder Name="/.github/workflows/">
    <File Path=".github/workflows/ci-build-test.yml" />
    <File Path=".github/workflows/ci-code-coverage.yml" />
    <File Path=".github/workflows/docs.yml" />
    <File Path=".github/workflows/markdown-link-check.yml" />
    <File Path=".github/workflows/release.md" />
    <File Path=".github/workflows/release.yml" />
  </Folder>
  <Folder Name="/Solution Items/">
    <File Path="Directory.Build.props" />
    <File Path="Directory.Packages.props" />
    <File Path="global.json" />
    <File Path="LICENSE" />
    <File Path="logo.png" />
    <File Path="nuget.config" />
    <File Path="README.MD" />
  </Folder>
  <Folder Name="/src/">
    <File Path="src/Directory.Build.props" />
    <Project Path="src/ModelContextProtocol.Core/ModelContextProtocol.Core.csproj" />
    <Project Path="src/ModelContextProtocol/ModelContextProtocol.csproj" />
  </Folder>
</Solution>
